
Microsoft Visual Studio Solution File, Format Version 12.00
# Visual Studio Version 17
VisualStudioVersion = 17.9.34607.119
MinimumVisualStudioVersion = 10.0.40219.1
Project("{FAE04EC0-301F-11D3-BF4B-00C04F79EFBC}") = "Calculator", "Calculator\Calculator.csproj", "{DAB978FE-35B8-4CCC-BAA6-2B410ACAF197}"
EndProject
Global
	GlobalSection(SolutionConfigurationPlatforms) = preSolution
		Debug|Any CPU = Debug|Any CPU
		Release|Any CPU = Release|Any CPU
	EndGlobalSection
	GlobalSection(ProjectConfigurationPlatforms) = postSolution
		{DAB978FE-35B8-4CCC-BAA6-2B410ACAF197}.Debug|Any CPU.ActiveCfg = Debug|Any CPU
		{DAB978FE-35B8-4CCC-BAA6-2B410ACAF197}.Debug|Any CPU.Build.0 = Debug|Any CPU
		{DAB978FE-35B8-4CCC-BAA6-2B410ACAF197}.Release|Any CPU.ActiveCfg = Release|Any CPU
		{DAB978FE-35B8-4CCC-BAA6-2B410ACAF197}.Release|Any CPU.Build.0 = Release|Any CPU
	EndGlobalSection
	GlobalSection(SolutionProperties) = preSolution
		HideSolutionNode = FALSE
	EndGlobalSection
	GlobalSection(ExtensibilityGlobals) = postSolution
		SolutionGuid = {EB069530-592C-4F74-A085-667EDE36ED08}
	EndGlobalSection
EndGlobal
